
Microsoft Visual Studio Solution File, Format Version 12.00
# Visual Studio 15
VisualStudioVersion = 15.0.28307.168
MinimumVisualStudioVersion = 10.0.40219.1
Project("{FAE04EC0-301F-11D3-BF4B-00C04F79EFBC}") = "SysVenda.Api", "SYSVENDA\SysVenda.Api.csproj", "{9C4C7569-5FDA-4988-AABA-837B7B8A5B71}"
EndProject
Project("{FAE04EC0-301F-11D3-BF4B-00C04F79EFBC}") = "SysVenda.Domain", "SysVenda.Domain\SysVenda.Domain.csproj", "{2A17C2FE-17CE-4761-9336-338CF525BA1F}"
EndProject
Global
	GlobalSection(SolutionConfigurationPlatforms) = preSolution
		Debug|Any CPU = Debug|Any CPU
		Release|Any CPU = Release|Any CPU
	EndGlobalSection
	GlobalSection(ProjectConfigurationPlatforms) = postSolution
		{9C4C7569-5FDA-4988-AABA-837B7B8A5B71}.Debug|Any CPU.ActiveCfg = Debug|Any CPU
		{9C4C7569-5FDA-4988-AABA-837B7B8A5B71}.Debug|Any CPU.Build.0 = Debug|Any CPU
		{9C4C7569-5FDA-4988-AABA-837B7B8A5B71}.Release|Any CPU.ActiveCfg = Release|Any CPU
		{9C4C7569-5FDA-4988-AABA-837B7B8A5B71}.Release|Any CPU.Build.0 = Release|Any CPU
		{2A17C2FE-17CE-4761-9336-338CF525BA1F}.Debug|Any CPU.ActiveCfg = Debug|Any CPU
		{2A17C2FE-17CE-4761-9336-338CF525BA1F}.Debug|Any CPU.Build.0 = Debug|Any CPU
		{2A17C2FE-17CE-4761-9336-338CF525BA1F}.Release|Any CPU.ActiveCfg = Release|Any CPU
		{2A17C2FE-17CE-4761-9336-338CF525BA1F}.Release|Any CPU.Build.0 = Release|Any CPU
	EndGlobalSection
	GlobalSection(SolutionProperties) = preSolution
		HideSolutionNode = FALSE
	EndGlobalSection
	GlobalSection(ExtensibilityGlobals) = postSolution
		SolutionGuid = {96C91B3D-C9ED-426B-B4FB-E9921DC9DE24}
	EndGlobalSection
EndGlobal
